
Microsoft Visual Studio Solution File, Format Version 12.00
# Visual Studio Version 17
VisualStudioVersion = 17.6.33706.43
MinimumVisualStudioVersion = 10.0.40219.1
Project("{9A19103F-16F7-4668-BE54-9A1E7A4F7556}") = "AssetTrackerWebsite", "AssetTrackerWebsite\AssetTrackerWebsite.csproj", "{7375C6CF-473C-4EAF-984C-21C54703108C}"
EndProject
Global
	GlobalSection(SolutionConfigurationPlatforms) = preSolution
		Debug|Any CPU = Debug|Any CPU
		Release|Any CPU = Release|Any CPU
	EndGlobalSection
	GlobalSection(ProjectConfigurationPlatforms) = postSolution
		{7375C6CF-473C-4EAF-984C-21C54703108C}.Debug|Any CPU.ActiveCfg = Debug|Any CPU
		{7375C6CF-473C-4EAF-984C-21C54703108C}.Debug|Any CPU.Build.0 = Debug|Any CPU
		{7375C6CF-473C-4EAF-984C-21C54703108C}.Release|Any CPU.ActiveCfg = Release|Any CPU
		{7375C6CF-473C-4EAF-984C-21C54703108C}.Release|Any CPU.Build.0 = Release|Any CPU
	EndGlobalSection
	GlobalSection(SolutionProperties) = preSolution
		HideSolutionNode = FALSE
	EndGlobalSection
	GlobalSection(ExtensibilityGlobals) = postSolution
		SolutionGuid = {50090CFE-F2A2-47CB-9817-A975EF11E1BF}
	EndGlobalSection
EndGlobal
